
Microsoft Visual Studio Solution File, Format Version 12.00
# Visual Studio Version 16
VisualStudioVersion = 16.0.31424.327
MinimumVisualStudioVersion = 10.0.40219.1
Project("{FAE04EC0-301F-11D3-BF4B-00C04F79EFBC}") = "GitHubTest02", "GitHubTest02\GitHubTest02.csproj", "{6F58E8E1-2963-456F-95E7-A98662426848}"
EndProject
Global
	GlobalSection(SolutionConfigurationPlatforms) = preSolution
		Debug|Any CPU = Debug|Any CPU
		Release|Any CPU = Release|Any CPU
	EndGlobalSection
	GlobalSection(ProjectConfigurationPlatforms) = postSolution
		{6F58E8E1-2963-456F-95E7-A98662426848}.Debug|Any CPU.ActiveCfg = Debug|Any CPU
		{6F58E8E1-2963-456F-95E7-A98662426848}.Debug|Any CPU.Build.0 = Debug|Any CPU
		{6F58E8E1-2963-456F-95E7-A98662426848}.Release|Any CPU.ActiveCfg = Release|Any CPU
		{6F58E8E1-2963-456F-95E7-A98662426848}.Release|Any CPU.Build.0 = Release|Any CPU
	EndGlobalSection
	GlobalSection(SolutionProperties) = preSolution
		HideSolutionNode = FALSE
	EndGlobalSection
	GlobalSection(ExtensibilityGlobals) = postSolution
		SolutionGuid = {AC5C2EC6-392A-4580-ADAA-5ACBCF1053C7}
	EndGlobalSection
EndGlobal
